
Microsoft Visual Studio Solution File, Format Version 12.00
# Visual Studio 15
VisualStudioVersion = 15.0.27004.2006
MinimumVisualStudioVersion = 10.0.40219.1
Project("{FAE04EC0-301F-11D3-BF4B-00C04F79EFBC}") = "MyUnityPrj", "MyUnityPrj.csproj", "{78B4E717-F5CF-6C9A-1BA3-671FF7038175}"
EndProject
Project("{FAE04EC0-301F-11D3-BF4B-00C04F79EFBC}") = "MyUnityPrj.Editor", "MyUnityPrj.Editor.csproj", "{2CD9D9BA-0DB0-67DE-97C9-929E4A7A9037}"
EndProject
Global
	GlobalSection(SolutionConfigurationPlatforms) = preSolution
		Debug|Any CPU = Debug|Any CPU
		Release|Any CPU = Release|Any CPU
	EndGlobalSection
	GlobalSection(ProjectConfigurationPlatforms) = postSolution
		{78B4E717-F5CF-6C9A-1BA3-671FF7038175}.Debug|Any CPU.ActiveCfg = Debug|Any CPU
		{78B4E717-F5CF-6C9A-1BA3-671FF7038175}.Debug|Any CPU.Build.0 = Debug|Any CPU
		{78B4E717-F5CF-6C9A-1BA3-671FF7038175}.Release|Any CPU.ActiveCfg = Release|Any CPU
		{78B4E717-F5CF-6C9A-1BA3-671FF7038175}.Release|Any CPU.Build.0 = Release|Any CPU
		{2CD9D9BA-0DB0-67DE-97C9-929E4A7A9037}.Debug|Any CPU.ActiveCfg = Debug|Any CPU
		{2CD9D9BA-0DB0-67DE-97C9-929E4A7A9037}.Debug|Any CPU.Build.0 = Debug|Any CPU
		{2CD9D9BA-0DB0-67DE-97C9-929E4A7A9037}.Release|Any CPU.ActiveCfg = Release|Any CPU
		{2CD9D9BA-0DB0-67DE-97C9-929E4A7A9037}.Release|Any CPU.Build.0 = Release|Any CPU
	EndGlobalSection
	GlobalSection(SolutionProperties) = preSolution
		HideSolutionNode = FALSE
	EndGlobalSection
	GlobalSection(ExtensibilityGlobals) = postSolution
		SolutionGuid = {A1B5B48E-F86A-42A0-B527-3B93FDE75A37}
	EndGlobalSection
EndGlobal
